github.com/anand-rajagopal-hub/datastructures v0.0.2 h1:8ii8l3IzMKucpV8le3v5eXHRLFFjZUGdZsdiWljDVJo=
github.com/anand-rajagopal-hub/datastructures/graphs/path v0.0.0-20201231160844-9336592a69d9 h1:OqTph6tVDui7ZdrLb89SLzycU8mfzKxZXPWeRbUPSU8=
github.com/anand-rajagopal-hub/datastructures/graphs/path v0.0.0-20201231160844-9336592a69d9/go.mod h1:shXt4mN42+BAAVMy4yOhK1qxzsYEcUFXv3BInK2gxp8=
